
Microsoft Visual Studio Solution File, Format Version 12.00
# Visual Studio Version 17
VisualStudioVersion = 17.0.31912.275
MinimumVisualStudioVersion = 10.0.40219.1
Project("{9A19103F-16F7-4668-BE54-9A1E7A4F7556}") = "OTGStreamToolUserSide", "OTGStreamToolUserSide\OTGStreamToolUserSide.csproj", "{3A43E4E8-EEC8-4A9B-997C-091C909EE885}"
EndProject
Project("{9A19103F-16F7-4668-BE54-9A1E7A4F7556}") = "OTGStreamToolBackEnd", "OTGStreamToolBackEnd\OTGStreamToolBackEnd.csproj", "{6EC51387-9B14-4848-BBC2-555023CC1984}"
EndProject
Project("{2150E333-8FDC-42A3-9474-1A3956D46DE8}") = "HTML", "HTML", "{2B698DDD-2F2D-48DD-B558-B5C282D08BDA}"
	ProjectSection(SolutionItems) = preProject
		StreamToolHTML\BiB3\MainOverlay\BiB3GameOverlay.css = StreamToolHTML\BiB3\MainOverlay\BiB3GameOverlay.css
		StreamToolHTML\BiB3\MainOverlay\BiB3GameOverlay.html = StreamToolHTML\BiB3\MainOverlay\BiB3GameOverlay.html
		StreamToolHTML\BiB3\SecondaryOverlay\BiBAltOverlay.html = StreamToolHTML\BiB3\SecondaryOverlay\BiBAltOverlay.html
		StreamToolHTML\BiB3\CommentatorsOverlay\BiBComm.css = StreamToolHTML\BiB3\CommentatorsOverlay\BiBComm.css
		StreamToolHTML\BiB3\CommentatorsOverlay\BiBCommentators.HTML = StreamToolHTML\BiB3\CommentatorsOverlay\BiBCommentators.HTML
		StreamToolHTML\HTMLPage1.html = StreamToolHTML\HTMLPage1.html
		StreamToolHTML\Mockup\InGame.css = StreamToolHTML\Mockup\InGame.css
		StreamToolHTML\Mockup\StreamInGameMockUphtml.html = StreamToolHTML\Mockup\StreamInGameMockUphtml.html
	EndProjectSection
EndProject
Project("{9092AA53-FB77-4645-B42D-1CCCA6BD08BD}") = "NodeWebServer", "NodeWebServer\NodeWebServer.njsproj", "{7B4BD3B6-B12E-47CE-9918-1A048CF5143F}"
EndProject
Project("{2150E333-8FDC-42A3-9474-1A3956D46DE8}") = "BasicPackage", "BasicPackage", "{7B6A7AF4-E3D6-465E-BA89-D1DED6D0301C}"
	ProjectSection(SolutionItems) = preProject
		StreamToolHTML\BasicPackage\InGameOverlay\InGameOverlay.css = StreamToolHTML\BasicPackage\InGameOverlay\InGameOverlay.css
		StreamToolHTML\BasicPackage\InGameOverlay\InGameOverlay.html = StreamToolHTML\BasicPackage\InGameOverlay\InGameOverlay.html
	EndProjectSection
EndProject
Project("{C7167F0D-BC9F-4E6E-AFE1-012C56B48DB5}") = "CSTApplicationPackage", "CSTApplicationPackage\CSTApplicationPackage.wapproj", "{118875C7-8AE5-43F8-A3EE-BC9076B6FC0C}"
EndProject
Global
	GlobalSection(SolutionConfigurationPlatforms) = preSolution
		Debug|Any CPU = Debug|Any CPU
		Debug|ARM = Debug|ARM
		Debug|ARM64 = Debug|ARM64
		Debug|x64 = Debug|x64
		Debug|x86 = Debug|x86
		Release|Any CPU = Release|Any CPU
		Release|ARM = Release|ARM
		Release|ARM64 = Release|ARM64
		Release|x64 = Release|x64
		Release|x86 = Release|x86
	EndGlobalSection
	GlobalSection(ProjectConfigurationPlatforms) = postSolution
		{3A43E4E8-EEC8-4A9B-997C-091C909EE885}.Debug|Any CPU.ActiveCfg = Debug|Any CPU
		{3A43E4E8-EEC8-4A9B-997C-091C909EE885}.Debug|Any CPU.Build.0 = Debug|Any CPU
		{3A43E4E8-EEC8-4A9B-997C-091C909EE885}.Debug|ARM.ActiveCfg = Debug|Any CPU
		{3A43E4E8-EEC8-4A9B-997C-091C909EE885}.Debug|ARM.Build.0 = Debug|Any CPU
		{3A43E4E8-EEC8-4A9B-997C-091C909EE885}.Debug|ARM64.ActiveCfg = Debug|Any CPU
		{3A43E4E8-EEC8-4A9B-997C-091C909EE885}.Debug|ARM64.Build.0 = Debug|Any CPU
		{3A43E4E8-EEC8-4A9B-997C-091C909EE885}.Debug|x64.ActiveCfg = Debug|Any CPU
		{3A43E4E8-EEC8-4A9B-997C-091C909EE885}.Debug|x64.Build.0 = Debug|Any CPU
		{3A43E4E8-EEC8-4A9B-997C-091C909EE885}.Debug|x86.ActiveCfg = Debug|Any CPU
		{3A43E4E8-EEC8-4A9B-997C-091C909EE885}.Debug|x86.Build.0 = Debug|Any CPU
		{3A43E4E8-EEC8-4A9B-997C-091C909EE885}.Release|Any CPU.ActiveCfg = Release|Any CPU
		{3A43E4E8-EEC8-4A9B-997C-091C909EE885}.Release|Any CPU.Build.0 = Release|Any CPU
		{3A43E4E8-EEC8-4A9B-997C-091C909EE885}.Release|ARM.ActiveCfg = Release|Any CPU
		{3A43E4E8-EEC8-4A9B-997C-091C909EE885}.Release|ARM.Build.0 = Release|Any CPU
		{3A43E4E8-EEC8-4A9B-997C-091C909EE885}.Release|ARM64.ActiveCfg = Release|Any CPU
		{3A43E4E8-EEC8-4A9B-997C-091C909EE885}.Release|ARM64.Build.0 = Release|Any CPU
		{3A43E4E8-EEC8-4A9B-997C-091C909EE885}.Release|x64.ActiveCfg = Release|Any CPU
		{3A43E4E8-EEC8-4A9B-997C-091C909EE885}.Release|x64.Build.0 = Release|Any CPU
		{3A43E4E8-EEC8-4A9B-997C-091C909EE885}.Release|x86.ActiveCfg = Release|Any CPU
		{3A43E4E8-EEC8-4A9B-997C-091C909EE885}.Release|x86.Build.0 = Release|Any CPU
		{6EC51387-9B14-4848-BBC2-555023CC1984}.Debug|Any CPU.ActiveCfg = Debug|Any CPU
		{6EC51387-9B14-4848-BBC2-555023CC1984}.Debug|Any CPU.Build.0 = Debug|Any CPU
		{6EC51387-9B14-4848-BBC2-555023CC1984}.Debug|ARM.ActiveCfg = Debug|Any CPU
		{6EC51387-9B14-4848-BBC2-555023CC1984}.Debug|ARM.Build.0 = Debug|Any CPU
		{6EC51387-9B14-4848-BBC2-555023CC1984}.Debug|ARM64.ActiveCfg = Debug|Any CPU
		{6EC51387-9B14-4848-BBC2-555023CC1984}.Debug|ARM64.Build.0 = Debug|Any CPU
		{6EC51387-9B14-4848-BBC2-555023CC1984}.Debug|x64.ActiveCfg = Debug|Any CPU
		{6EC51387-9B14-4848-BBC2-555023CC1984}.Debug|x64.Build.0 = Debug|Any CPU
		{6EC51387-9B14-4848-BBC2-555023CC1984}.Debug|x86.ActiveCfg = Debug|Any CPU
		{6EC51387-9B14-4848-BBC2-555023CC1984}.Debug|x86.Build.0 = Debug|Any CPU
		{6EC51387-9B14-4848-BBC2-555023CC1984}.Release|Any CPU.ActiveCfg = Release|Any CPU
		{6EC51387-9B14-4848-BBC2-555023CC1984}.Release|Any CPU.Build.0 = Release|Any CPU
		{6EC51387-9B14-4848-BBC2-555023CC1984}.Release|ARM.ActiveCfg = Release|Any CPU
		{6EC51387-9B14-4848-BBC2-555023CC1984}.Release|ARM.Build.0 = Release|Any CPU
		{6EC51387-9B14-4848-BBC2-555023CC1984}.Release|ARM64.ActiveCfg = Release|Any CPU
		{6EC51387-9B14-4848-BBC2-555023CC1984}.Release|ARM64.Build.0 = Release|Any CPU
		{6EC51387-9B14-4848-BBC2-555023CC1984}.Release|x64.ActiveCfg = Release|Any CPU
		{6EC51387-9B14-4848-BBC2-555023CC1984}.Release|x64.Build.0 = Release|Any CPU
		{6EC51387-9B14-4848-BBC2-555023CC1984}.Release|x86.ActiveCfg = Release|Any CPU
		{6EC51387-9B14-4848-BBC2-555023CC1984}.Release|x86.Build.0 = Release|Any CPU
		{7B4BD3B6-B12E-47CE-9918-1A048CF5143F}.Debug|Any CPU.ActiveCfg = Debug|Any CPU
		{7B4BD3B6-B12E-47CE-9918-1A048CF5143F}.Debug|Any CPU.Build.0 = Debug|Any CPU
		{7B4BD3B6-B12E-47CE-9918-1A048CF5143F}.Debug|ARM.ActiveCfg = Debug|Any CPU
		{7B4BD3B6-B12E-47CE-9918-1A048CF5143F}.Debug|ARM.Build.0 = Debug|Any CPU
		{7B4BD3B6-B12E-47CE-9918-1A048CF5143F}.Debug|ARM64.ActiveCfg = Debug|Any CPU
		{7B4BD3B6-B12E-47CE-9918-1A048CF5143F}.Debug|ARM64.Build.0 = Debug|Any CPU
		{7B4BD3B6-B12E-47CE-9918-1A048CF5143F}.Debug|x64.ActiveCfg = Debug|Any CPU
		{7B4BD3B6-B12E-47CE-9918-1A048CF5143F}.Debug|x64.Build.0 = Debug|Any CPU
		{7B4BD3B6-B12E-47CE-9918-1A048CF5143F}.Debug|x86.ActiveCfg = Debug|Any CPU
		{7B4BD3B6-B12E-47CE-9918-1A048CF5143F}.Debug|x86.Build.0 = Debug|Any CPU
		{7B4BD3B6-B12E-47CE-9918-1A048CF5143F}.Release|Any CPU.ActiveCfg = Release|Any CPU
		{7B4BD3B6-B12E-47CE-9918-1A048CF5143F}.Release|Any CPU.Build.0 = Release|Any CPU
		{7B4BD3B6-B12E-47CE-9918-1A048CF5143F}.Release|ARM.ActiveCfg = Release|Any CPU
		{7B4BD3B6-B12E-47CE-9918-1A048CF5143F}.Release|ARM.Build.0 = Release|Any CPU
		{7B4BD3B6-B12E-47CE-9918-1A048CF5143F}.Release|ARM64.ActiveCfg = Release|Any CPU
		{7B4BD3B6-B12E-47CE-9918-1A048CF5143F}.Release|ARM64.Build.0 = Release|Any CPU
		{7B4BD3B6-B12E-47CE-9918-1A048CF5143F}.Release|x64.ActiveCfg = Release|Any CPU
		{7B4BD3B6-B12E-47CE-9918-1A048CF5143F}.Release|x64.Build.0 = Release|Any CPU
		{7B4BD3B6-B12E-47CE-9918-1A048CF5143F}.Release|x86.ActiveCfg = Release|Any CPU
		{7B4BD3B6-B12E-47CE-9918-1A048CF5143F}.Release|x86.Build.0 = Release|Any CPU
		{118875C7-8AE5-43F8-A3EE-BC9076B6FC0C}.Debug|Any CPU.ActiveCfg = Debug|Any CPU
		{118875C7-8AE5-43F8-A3EE-BC9076B6FC0C}.Debug|Any CPU.Build.0 = Debug|Any CPU
		{118875C7-8AE5-43F8-A3EE-BC9076B6FC0C}.Debug|Any CPU.Deploy.0 = Debug|Any CPU
		{118875C7-8AE5-43F8-A3EE-BC9076B6FC0C}.Debug|ARM.ActiveCfg = Debug|ARM
		{118875C7-8AE5-43F8-A3EE-BC9076B6FC0C}.Debug|ARM.Build.0 = Debug|ARM
		{118875C7-8AE5-43F8-A3EE-BC9076B6FC0C}.Debug|ARM.Deploy.0 = Debug|ARM
		{118875C7-8AE5-43F8-A3EE-BC9076B6FC0C}.Debug|ARM64.ActiveCfg = Debug|ARM64
		{118875C7-8AE5-43F8-A3EE-BC9076B6FC0C}.Debug|ARM64.Build.0 = Debug|ARM64
		{118875C7-8AE5-43F8-A3EE-BC9076B6FC0C}.Debug|ARM64.Deploy.0 = Debug|ARM64
		{118875C7-8AE5-43F8-A3EE-BC9076B6FC0C}.Debug|x64.ActiveCfg = Debug|x64
		{118875C7-8AE5-43F8-A3EE-BC9076B6FC0C}.Debug|x64.Build.0 = Debug|x64
		{118875C7-8AE5-43F8-A3EE-BC9076B6FC0C}.Debug|x64.Deploy.0 = Debug|x64
		{118875C7-8AE5-43F8-A3EE-BC9076B6FC0C}.Debug|x86.ActiveCfg = Debug|x86
		{118875C7-8AE5-43F8-A3EE-BC9076B6FC0C}.Debug|x86.Build.0 = Debug|x86
		{118875C7-8AE5-43F8-A3EE-BC9076B6FC0C}.Debug|x86.Deploy.0 = Debug|x86
		{118875C7-8AE5-43F8-A3EE-BC9076B6FC0C}.Release|Any CPU.ActiveCfg = Release|Any CPU
		{118875C7-8AE5-43F8-A3EE-BC9076B6FC0C}.Release|Any CPU.Build.0 = Release|Any CPU
		{118875C7-8AE5-43F8-A3EE-BC9076B6FC0C}.Release|Any CPU.Deploy.0 = Release|Any CPU
		{118875C7-8AE5-43F8-A3EE-BC9076B6FC0C}.Release|ARM.ActiveCfg = Release|ARM
		{118875C7-8AE5-43F8-A3EE-BC9076B6FC0C}.Release|ARM.Build.0 = Release|ARM
		{118875C7-8AE5-43F8-A3EE-BC9076B6FC0C}.Release|ARM.Deploy.0 = Release|ARM
		{118875C7-8AE5-43F8-A3EE-BC9076B6FC0C}.Release|ARM64.ActiveCfg = Release|ARM64
		{118875C7-8AE5-43F8-A3EE-BC9076B6FC0C}.Release|ARM64.Build.0 = Release|ARM64
		{118875C7-8AE5-43F8-A3EE-BC9076B6FC0C}.Release|ARM64.Deploy.0 = Release|ARM64
		{118875C7-8AE5-43F8-A3EE-BC9076B6FC0C}.Release|x64.ActiveCfg = Release|x64
		{118875C7-8AE5-43F8-A3EE-BC9076B6FC0C}.Release|x64.Build.0 = Release|x64
		{118875C7-8AE5-43F8-A3EE-BC9076B6FC0C}.Release|x64.Deploy.0 = Release|x64
		{118875C7-8AE5-43F8-A3EE-BC9076B6FC0C}.Release|x86.ActiveCfg = Release|x86
		{118875C7-8AE5-43F8-A3EE-BC9076B6FC0C}.Release|x86.Build.0 = Release|x86
		{118875C7-8AE5-43F8-A3EE-BC9076B6FC0C}.Release|x86.Deploy.0 = Release|x86
	EndGlobalSection
	GlobalSection(SolutionProperties) = preSolution
		HideSolutionNode = FALSE
	EndGlobalSection
	GlobalSection(NestedProjects) = preSolution
		{7B6A7AF4-E3D6-465E-BA89-D1DED6D0301C} = {2B698DDD-2F2D-48DD-B558-B5C282D08BDA}
	EndGlobalSection
	GlobalSection(ExtensibilityGlobals) = postSolution
		SolutionGuid = {A3ED1279-98FD-4192-98C2-A9B9F67CBF03}
	EndGlobalSection
EndGlobal
