
Microsoft Visual Studio Solution File, Format Version 12.00
# Visual Studio Version 17
VisualStudioVersion = 17.0.31912.275
MinimumVisualStudioVersion = 10.0.40219.1
Project("{9A19103F-16F7-4668-BE54-9A1E7A4F7556}") = "OTGStreamToolUserSide", "OTGStreamToolUserSide\OTGStreamToolUserSide.csproj", "{3A43E4E8-EEC8-4A9B-997C-091C909EE885}"
EndProject
Project("{9A19103F-16F7-4668-BE54-9A1E7A4F7556}") = "OTGStreamToolBackEnd", "OTGStreamToolBackEnd\OTGStreamToolBackEnd.csproj", "{6EC51387-9B14-4848-BBC2-555023CC1984}"
EndProject
Project("{9A19103F-16F7-4668-BE54-9A1E7A4F7556}") = "APITest", "APITest\APITest.csproj", "{F7FC045C-4437-42C4-9B77-6D97B8B25039}"
EndProject
Project("{2150E333-8FDC-42A3-9474-1A3956D46DE8}") = "HTML", "HTML", "{2B698DDD-2F2D-48DD-B558-B5C282D08BDA}"
	ProjectSection(SolutionItems) = preProject
		StreamToolHTML\HTMLPage1.html = StreamToolHTML\HTMLPage1.html
		StreamToolHTML\InGame.css = StreamToolHTML\InGame.css
		StreamToolHTML\StreamInGameMockUphtml.html = StreamToolHTML\StreamInGameMockUphtml.html
	EndProjectSection
EndProject
Global
	GlobalSection(SolutionConfigurationPlatforms) = preSolution
		Debug|Any CPU = Debug|Any CPU
		Release|Any CPU = Release|Any CPU
	EndGlobalSection
	GlobalSection(ProjectConfigurationPlatforms) = postSolution
		{3A43E4E8-EEC8-4A9B-997C-091C909EE885}.Debug|Any CPU.ActiveCfg = Debug|Any CPU
		{3A43E4E8-EEC8-4A9B-997C-091C909EE885}.Debug|Any CPU.Build.0 = Debug|Any CPU
		{3A43E4E8-EEC8-4A9B-997C-091C909EE885}.Release|Any CPU.ActiveCfg = Release|Any CPU
		{3A43E4E8-EEC8-4A9B-997C-091C909EE885}.Release|Any CPU.Build.0 = Release|Any CPU
		{6EC51387-9B14-4848-BBC2-555023CC1984}.Debug|Any CPU.ActiveCfg = Debug|Any CPU
		{6EC51387-9B14-4848-BBC2-555023CC1984}.Debug|Any CPU.Build.0 = Debug|Any CPU
		{6EC51387-9B14-4848-BBC2-555023CC1984}.Release|Any CPU.ActiveCfg = Release|Any CPU
		{6EC51387-9B14-4848-BBC2-555023CC1984}.Release|Any CPU.Build.0 = Release|Any CPU
		{F7FC045C-4437-42C4-9B77-6D97B8B25039}.Debug|Any CPU.ActiveCfg = Debug|Any CPU
		{F7FC045C-4437-42C4-9B77-6D97B8B25039}.Debug|Any CPU.Build.0 = Debug|Any CPU
		{F7FC045C-4437-42C4-9B77-6D97B8B25039}.Release|Any CPU.ActiveCfg = Release|Any CPU
		{F7FC045C-4437-42C4-9B77-6D97B8B25039}.Release|Any CPU.Build.0 = Release|Any CPU
	EndGlobalSection
	GlobalSection(SolutionProperties) = preSolution
		HideSolutionNode = FALSE
	EndGlobalSection
	GlobalSection(ExtensibilityGlobals) = postSolution
		SolutionGuid = {A3ED1279-98FD-4192-98C2-A9B9F67CBF03}
	EndGlobalSection
EndGlobal
